# This is a Gradle generated file for dependency locking.
# Manual edits can break the build and are not advised.
# This file is expected to be part of source control.
ch.qos.logback:logback-classic:1.5.11=compileClasspath,runtimeClasspath
ch.qos.logback:logback-core:1.5.11=compileClasspath,runtimeClasspath
com.fasterxml.jackson.core:jackson-annotations:2.17.2=compileClasspath,runtimeClasspath
com.fasterxml.jackson.core:jackson-core:2.17.2=compileClasspath,runtimeClasspath
com.fasterxml.jackson.core:jackson-databind:2.17.2=compileClasspath,runtimeClasspath
com.fasterxml.jackson.datatype:jackson-datatype-jdk8:2.17.2=compileClasspath,runtimeClasspath
com.fasterxml.jackson.datatype:jackson-datatype-jsr310:2.17.2=compileClasspath,runtimeClasspath
com.fasterxml.jackson.module:jackson-module-kotlin:2.17.2=compileClasspath,runtimeClasspath
com.fasterxml.jackson.module:jackson-module-parameter-names:2.17.2=compileClasspath,runtimeClasspath
com.fasterxml.jackson:jackson-bom:2.17.2=compileClasspath,runtimeClasspath
commons-codec:commons-codec:1.16.1=runtimeClasspath
commons-logging:commons-logging:1.2=runtimeClasspath
io.awspring.cloud:spring-cloud-aws-autoconfigure:3.2.1=compileClasspath,runtimeClasspath
io.awspring.cloud:spring-cloud-aws-core:3.2.1=compileClasspath,runtimeClasspath
io.awspring.cloud:spring-cloud-aws-dependencies:3.2.1=compileClasspath,runtimeClasspath
io.awspring.cloud:spring-cloud-aws-sqs:3.2.1=compileClasspath,runtimeClasspath
io.awspring.cloud:spring-cloud-aws-starter-sqs:3.2.1=compileClasspath,runtimeClasspath
io.awspring.cloud:spring-cloud-aws-starter:3.2.1=compileClasspath,runtimeClasspath
io.micrometer:micrometer-commons:1.13.6=compileClasspath,runtimeClasspath
io.micrometer:micrometer-observation:1.13.6=compileClasspath,runtimeClasspath
io.netty:netty-buffer:4.1.114.Final=compileClasspath,runtimeClasspath
io.netty:netty-codec-dns:4.1.114.Final=compileClasspath,runtimeClasspath
io.netty:netty-codec-http2:4.1.114.Final=compileClasspath,runtimeClasspath
io.netty:netty-codec-http:4.1.114.Final=compileClasspath,runtimeClasspath
io.netty:netty-codec-socks:4.1.114.Final=compileClasspath,runtimeClasspath
io.netty:netty-codec:4.1.114.Final=compileClasspath,runtimeClasspath
io.netty:netty-common:4.1.114.Final=compileClasspath,runtimeClasspath
io.netty:netty-handler-proxy:4.1.114.Final=compileClasspath,runtimeClasspath
io.netty:netty-handler:4.1.114.Final=compileClasspath,runtimeClasspath
io.netty:netty-resolver-dns-classes-macos:4.1.114.Final=compileClasspath,runtimeClasspath
io.netty:netty-resolver-dns-native-macos:4.1.114.Final=compileClasspath,runtimeClasspath
io.netty:netty-resolver-dns:4.1.114.Final=compileClasspath,runtimeClasspath
io.netty:netty-resolver:4.1.114.Final=compileClasspath,runtimeClasspath
io.netty:netty-transport-classes-epoll:4.1.114.Final=compileClasspath,runtimeClasspath
io.netty:netty-transport-native-epoll:4.1.114.Final=compileClasspath,runtimeClasspath
io.netty:netty-transport-native-unix-common:4.1.114.Final=compileClasspath,runtimeClasspath
io.netty:netty-transport:4.1.114.Final=compileClasspath,runtimeClasspath
io.projectreactor.kotlin:reactor-kotlin-extensions:1.2.3=compileClasspath,runtimeClasspath
io.projectreactor.netty:reactor-netty-core:1.1.23=compileClasspath,runtimeClasspath
io.projectreactor.netty:reactor-netty-http:1.1.23=compileClasspath,runtimeClasspath
io.projectreactor:reactor-core:3.6.11=compileClasspath,runtimeClasspath
jakarta.annotation:jakarta.annotation-api:2.1.1=compileClasspath,runtimeClasspath
org.apache.httpcomponents:httpclient:4.5.13=runtimeClasspath
org.apache.httpcomponents:httpcore:4.4.16=runtimeClasspath
org.apache.logging.log4j:log4j-api:2.23.1=compileClasspath,runtimeClasspath
org.apache.logging.log4j:log4j-to-slf4j:2.23.1=compileClasspath,runtimeClasspath
org.jetbrains.kotlin:kotlin-reflect:2.0.21=compileClasspath,runtimeClasspath
org.jetbrains.kotlin:kotlin-stdlib-jdk7:2.0.21=compileClasspath,runtimeClasspath
org.jetbrains.kotlin:kotlin-stdlib-jdk8:2.0.21=compileClasspath,runtimeClasspath
org.jetbrains.kotlin:kotlin-stdlib:2.0.21=compileClasspath,runtimeClasspath
org.jetbrains.kotlinx:kotlinx-coroutines-bom:1.8.1=compileClasspath,runtimeClasspath
org.jetbrains.kotlinx:kotlinx-coroutines-core-jvm:1.8.1=compileClasspath,runtimeClasspath
org.jetbrains.kotlinx:kotlinx-coroutines-core:1.8.1=compileClasspath,runtimeClasspath
org.jetbrains.kotlinx:kotlinx-coroutines-reactive:1.8.1=compileClasspath,runtimeClasspath
org.jetbrains.kotlinx:kotlinx-coroutines-reactor:1.8.1=compileClasspath,runtimeClasspath
org.jetbrains:annotations:23.0.0=compileClasspath,runtimeClasspath
org.projectlombok:lombok:1.18.34=annotationProcessor,compileClasspath
org.reactivestreams:reactive-streams:1.0.4=compileClasspath,runtimeClasspath
org.slf4j:jul-to-slf4j:2.0.16=compileClasspath,runtimeClasspath
org.slf4j:slf4j-api:2.0.16=compileClasspath,runtimeClasspath
org.springframework.boot:spring-boot-autoconfigure:3.3.5=compileClasspath,runtimeClasspath
org.springframework.boot:spring-boot-starter-json:3.3.5=compileClasspath,runtimeClasspath
org.springframework.boot:spring-boot-starter-logging:3.3.5=compileClasspath,runtimeClasspath
org.springframework.boot:spring-boot-starter-reactor-netty:3.3.5=compileClasspath,runtimeClasspath
org.springframework.boot:spring-boot-starter-webflux:3.3.5=compileClasspath,runtimeClasspath
org.springframework.boot:spring-boot-starter:3.3.5=compileClasspath,runtimeClasspath
org.springframework.boot:spring-boot:3.3.5=compileClasspath,runtimeClasspath
org.springframework.retry:spring-retry:2.0.10=compileClasspath,runtimeClasspath
org.springframework:spring-aop:6.1.14=compileClasspath,runtimeClasspath
org.springframework:spring-beans:6.1.14=compileClasspath,runtimeClasspath
org.springframework:spring-context:6.1.14=compileClasspath,runtimeClasspath
org.springframework:spring-core:6.1.14=compileClasspath,runtimeClasspath
org.springframework:spring-expression:6.1.14=compileClasspath,runtimeClasspath
org.springframework:spring-jcl:6.1.14=compileClasspath,runtimeClasspath
org.springframework:spring-messaging:6.1.14=compileClasspath,runtimeClasspath
org.springframework:spring-web:6.1.14=compileClasspath,runtimeClasspath
org.springframework:spring-webflux:6.1.14=compileClasspath,runtimeClasspath
org.yaml:snakeyaml:2.2=compileClasspath,runtimeClasspath
software.amazon.awssdk:annotations:2.25.70=compileClasspath,runtimeClasspath
software.amazon.awssdk:apache-client:2.25.70=runtimeClasspath
software.amazon.awssdk:arns:2.25.70=compileClasspath,runtimeClasspath
software.amazon.awssdk:auth:2.25.70=compileClasspath,runtimeClasspath
software.amazon.awssdk:aws-core:2.25.70=compileClasspath,runtimeClasspath
software.amazon.awssdk:aws-json-protocol:2.25.70=compileClasspath,runtimeClasspath
software.amazon.awssdk:checksums-spi:2.25.70=compileClasspath,runtimeClasspath
software.amazon.awssdk:checksums:2.25.70=compileClasspath,runtimeClasspath
software.amazon.awssdk:endpoints-spi:2.25.70=compileClasspath,runtimeClasspath
software.amazon.awssdk:http-auth-aws:2.25.70=compileClasspath,runtimeClasspath
software.amazon.awssdk:http-auth-spi:2.25.70=compileClasspath,runtimeClasspath
software.amazon.awssdk:http-auth:2.25.70=compileClasspath,runtimeClasspath
software.amazon.awssdk:http-client-spi:2.25.70=compileClasspath,runtimeClasspath
software.amazon.awssdk:identity-spi:2.25.70=compileClasspath,runtimeClasspath
software.amazon.awssdk:json-utils:2.25.70=compileClasspath,runtimeClasspath
software.amazon.awssdk:metrics-spi:2.25.70=compileClasspath,runtimeClasspath
software.amazon.awssdk:netty-nio-client:2.25.70=runtimeClasspath
software.amazon.awssdk:profiles:2.25.70=compileClasspath,runtimeClasspath
software.amazon.awssdk:protocol-core:2.25.70=compileClasspath,runtimeClasspath
software.amazon.awssdk:regions:2.25.70=compileClasspath,runtimeClasspath
software.amazon.awssdk:sdk-core:2.25.70=compileClasspath,runtimeClasspath
software.amazon.awssdk:sqs:2.25.70=compileClasspath,runtimeClasspath
software.amazon.awssdk:third-party-jackson-core:2.25.70=compileClasspath,runtimeClasspath
software.amazon.awssdk:utils:2.25.70=compileClasspath,runtimeClasspath
software.amazon.eventstream:eventstream:1.0.1=compileClasspath,runtimeClasspath
empty=apiDependenciesMetadata,developmentOnly,intransitiveDependenciesMetadata,kotlinCompilerPluginClasspath,kotlinNativeCompilerPluginClasspath,kotlinScriptDef,testAnnotationProcessor,testApiDependenciesMetadata,testIntransitiveDependenciesMetadata,testKotlinScriptDef
